// !$*UTF8*$!
{
	archiveVersion = 1;
	classes = {
	};
	objectVersion = 46;
	objects = {

/* Begin PBXBuildFile section */
		4A7C034F75A40548BA5674D9 /* libPods-Block循环引用.a in Frameworks */ = {isa = PBXBuildFile; fileRef = A65E794E7D7F9A99BDCDA21D /* libPods-Block循环引用.a */; };
		F1D5F7661D533C0200271C2F /* main.m in Sources */ = {isa = PBXBuildFile; fileRef = F1D5F7651D533C0200271C2F /* main.m */; };
		F1D5F7691D533C0200271C2F /* AppDelegate.m in Sources */ = {isa = PBXBuildFile; fileRef = F1D5F7681D533C0200271C2F /* AppDelegate.m */; };
		F1D5F76C1D533C0200271C2F /* ViewController.m in Sources */ = {isa = PBXBuildFile; fileRef = F1D5F76B1D533C0200271C2F /* ViewController.m */; };
		F1D5F76F1D533C0200271C2F /* Main.storyboard in Resources */ = {isa = PBXBuildFile; fileRef = F1D5F76D1D533C0200271C2F /* Main.storyboard */; };
		F1D5F7711D533C0200271C2F /* Assets.xcassets in Resources */ = {isa = PBXBuildFile; fileRef = F1D5F7701D533C0200271C2F /* Assets.xcassets */; };
		F1D5F7741D533C0200271C2F /* LaunchScreen.storyboard in Resources */ = {isa = PBXBuildFile; fileRef = F1D5F7721D533C0200271C2F /* LaunchScreen.storyboard */; };
		F1D5F77F1D533C0200271C2F /* Block____Tests.m in Sources */ = {isa = PBXBuildFile; fileRef = F1D5F77E1D533C0200271C2F /* Block____Tests.m */; };
		F1D5F78A1D533C0200271C2F /* Block____UITests.m in Sources */ = {isa = PBXBuildFile; fileRef = F1D5F7891D533C0200271C2F /* Block____UITests.m */; };
		F1D5F79A1D533DA800271C2F /* TestViewController.m in Sources */ = {isa = PBXBuildFile; fileRef = F1D5F7981D533DA800271C2F /* TestViewController.m */; };
		F1D5F79B1D533DA800271C2F /* TestViewController.xib in Resources */ = {isa = PBXBuildFile; fileRef = F1D5F7991D533DA800271C2F /* TestViewController.xib */; };
		F1D5F79E1D533F4D00271C2F /* TestModel1.m in Sources */ = {isa = PBXBuildFile; fileRef = F1D5F79D1D533F4D00271C2F /* TestModel1.m */; };
/* End PBXBuildFile section */

/* Begin PBXContainerItemProxy section */
		F1D5F77B1D533C0200271C2F /* PBXContainerItemProxy */ = {
			isa = PBXContainerItemProxy;
			containerPortal = F1D5F7591D533C0100271C2F /* Project object */;
			proxyType = 1;
			remoteGlobalIDString = F1D5F7601D533C0100271C2F;
			remoteInfo = "Block循环引用";
		};
		F1D5F7861D533C0200271C2F /* PBXContainerItemProxy */ = {
			isa = PBXContainerItemProxy;
			containerPortal = F1D5F7591D533C0100271C2F /* Project object */;
			proxyType = 1;
			remoteGlobalIDString = F1D5F7601D533C0100271C2F;
			remoteInfo = "Block循环引用";
		};
/* End PBXContainerItemProxy section */

/* Begin PBXFileReference section */
		7DD03A455111629CD028DBED /* Pods-Block循环引用.debug.xcconfig */ = {isa = PBXFileReference; includeInIndex = 1; lastKnownFileType = text.xcconfig; name = "Pods-Block循环引用.debug.xcconfig"; path = "Pods/Target Support Files/Pods-Block循环引用/Pods-Block循环引用.debug.xcconfig"; sourceTree = "<group>"; };
		88DF2EC7483D86422EE28417 /* Pods-Block循环引用.release.xcconfig */ = {isa = PBXFileReference; includeInIndex = 1; lastKnownFileType = text.xcconfig; name = "Pods-Block循环引用.release.xcconfig"; path = "Pods/Target Support Files/Pods-Block循环引用/Pods-Block循环引用.release.xcconfig"; sourceTree = "<group>"; };
		A65E794E7D7F9A99BDCDA21D /* libPods-Block循环引用.a */ = {isa = PBXFileReference; explicitFileType = archive.ar; includeInIndex = 0; path = "libPods-Block循环引用.a"; sourceTree = BUILT_PRODUCTS_DIR; };
		F1D5F7611D533C0200271C2F /* Block循环引用.app */ = {isa = PBXFileReference; explicitFileType = wrapper.application; includeInIndex = 0; path = "Block循环引用.app"; sourceTree = BUILT_PRODUCTS_DIR; };
		F1D5F7651D533C0200271C2F /* main.m */ = {isa = PBXFileReference; lastKnownFileType = sourcecode.c.objc; path = main.m; sourceTree = "<group>"; };
		F1D5F7671D533C0200271C2F /* AppDelegate.h */ = {isa = PBXFileReference; lastKnownFileType = sourcecode.c.h; path = AppDelegate.h; sourceTree = "<group>"; };
		F1D5F7681D533C0200271C2F /* AppDelegate.m */ = {isa = PBXFileReference; lastKnownFileType = sourcecode.c.objc; path = AppDelegate.m; sourceTree = "<group>"; };
		F1D5F76A1D533C0200271C2F /* ViewController.h */ = {isa = PBXFileReference; lastKnownFileType = sourcecode.c.h; path = ViewController.h; sourceTree = "<group>"; };
		F1D5F76B1D533C0200271C2F /* ViewController.m */ = {isa = PBXFileReference; lastKnownFileType = sourcecode.c.objc; path = ViewController.m; sourceTree = "<group>"; };
		F1D5F76E1D533C0200271C2F /* Base */ = {isa = PBXFileReference; lastKnownFileType = file.storyboard; name = Base; path = Base.lproj/Main.storyboard; sourceTree = "<group>"; };
		F1D5F7701D533C0200271C2F /* Assets.xcassets */ = {isa = PBXFileReference; lastKnownFileType = folder.assetcatalog; path = Assets.xcassets; sourceTree = "<group>"; };
		F1D5F7731D533C0200271C2F /* Base */ = {isa = PBXFileReference; lastKnownFileType = file.storyboard; name = Base; path = Base.lproj/LaunchScreen.storyboard; sourceTree = "<group>"; };
		F1D5F7751D533C0200271C2F /* Info.plist */ = {isa = PBXFileReference; lastKnownFileType = text.plist.xml; path = Info.plist; sourceTree = "<group>"; };
		F1D5F77A1D533C0200271C2F /* Block循环引用Tests.xctest */ = {isa = PBXFileReference; explicitFileType = wrapper.cfbundle; includeInIndex = 0; path = "Block循环引用Tests.xctest"; sourceTree = BUILT_PRODUCTS_DIR; };
		F1D5F77E1D533C0200271C2F /* Block____Tests.m */ = {isa = PBXFileReference; lastKnownFileType = sourcecode.c.objc; path = "Block____Tests.m"; sourceTree = "<group>"; };
		F1D5F7801D533C0200271C2F /* Info.plist */ = {isa = PBXFileReference; lastKnownFileType = text.plist.xml; path = Info.plist; sourceTree = "<group>"; };
		F1D5F7851D533C0200271C2F /* Block循环引用UITests.xctest */ = {isa = PBXFileReference; explicitFileType = wrapper.cfbundle; includeInIndex = 0; path = "Block循环引用UITests.xctest"; sourceTree = BUILT_PRODUCTS_DIR; };
		F1D5F7891D533C0200271C2F /* Block____UITests.m */ = {isa = PBXFileReference; lastKnownFileType = sourcecode.c.objc; path = "Block____UITests.m"; sourceTree = "<group>"; };
		F1D5F78B1D533C0200271C2F /* Info.plist */ = {isa = PBXFileReference; lastKnownFileType = text.plist.xml; path = Info.plist; sourceTree = "<group>"; };
		F1D5F7971D533DA800271C2F /* TestViewController.h */ = {isa = PBXFileReference; fileEncoding = 4; lastKnownFileType = sourcecode.c.h; path = TestViewController.h; sourceTree = "<group>"; };
		F1D5F7981D533DA800271C2F /* TestViewController.m */ = {isa = PBXFileReference; fileEncoding = 4; lastKnownFileType = sourcecode.c.objc; path = TestViewController.m; sourceTree = "<group>"; };
		F1D5F7991D533DA800271C2F /* TestViewController.xib */ = {isa = PBXFileReference; fileEncoding = 4; lastKnownFileType = file.xib; path = TestViewController.xib; sourceTree = "<group>"; };
		F1D5F79C1D533F4D00271C2F /* TestModel1.h */ = {isa = PBXFileReference; fileEncoding = 4; lastKnownFileType = sourcecode.c.h; path = TestModel1.h; sourceTree = "<group>"; };
		F1D5F79D1D533F4D00271C2F /* TestModel1.m */ = {isa = PBXFileReference; fileEncoding = 4; lastKnownFileType = sourcecode.c.objc; path = TestModel1.m; sourceTree = "<group>"; };
/* End PBXFileReference section */

/* Begin PBXFrameworksBuildPhase section */
		F1D5F75E1D533C0100271C2F /* Frameworks */ = {
			isa = PBXFrameworksBuildPhase;
			buildActionMask = 2147483647;
			files = (
				4A7C034F75A40548BA5674D9 /* libPods-Block循环引用.a in Frameworks */,
			);
			runOnlyForDeploymentPostprocessing = 0;
		};
		F1D5F7771D533C0200271C2F /* Frameworks */ = {
			isa = PBXFrameworksBuildPhase;
			buildActionMask = 2147483647;
			files = (
			);
			runOnlyForDeploymentPostprocessing = 0;
		};
		F1D5F7821D533C0200271C2F /* Frameworks */ = {
			isa = PBXFrameworksBuildPhase;
			buildActionMask = 2147483647;
			files = (
			);
			runOnlyForDeploymentPostprocessing = 0;
		};
/* End PBXFrameworksBuildPhase section */

/* Begin PBXGroup section */
		101FAE44C36444641D36A58F /* Frameworks */ = {
			isa = PBXGroup;
			children = (
				A65E794E7D7F9A99BDCDA21D /* libPods-Block循环引用.a */,
			);
			name = Frameworks;
			sourceTree = "<group>";
		};
		3927C9EDA4021B782C7C666C /* Pods */ = {
			isa = PBXGroup;
			children = (
				7DD03A455111629CD028DBED /* Pods-Block循环引用.debug.xcconfig */,
				88DF2EC7483D86422EE28417 /* Pods-Block循环引用.release.xcconfig */,
			);
			name = Pods;
			sourceTree = "<group>";
		};
		F1D5F7581D533C0100271C2F = {
			isa = PBXGroup;
			children = (
				F1D5F7631D533C0200271C2F /* Block循环引用 */,
				F1D5F77D1D533C0200271C2F /* Block循环引用Tests */,
				F1D5F7881D533C0200271C2F /* Block循环引用UITests */,
				F1D5F7621D533C0200271C2F /* Products */,
				3927C9EDA4021B782C7C666C /* Pods */,
				101FAE44C36444641D36A58F /* Frameworks */,
			);
			sourceTree = "<group>";
		};
		F1D5F7621D533C0200271C2F /* Products */ = {
			isa = PBXGroup;
			children = (
				F1D5F7611D533C0200271C2F /* Block循环引用.app */,
				F1D5F77A1D533C0200271C2F /* Block循环引用Tests.xctest */,
				F1D5F7851D533C0200271C2F /* Block循环引用UITests.xctest */,
			);
			name = Products;
			sourceTree = "<group>";
		};
		F1D5F7631D533C0200271C2F /* Block循环引用 */ = {
			isa = PBXGroup;
			children = (
				F1D5F7671D533C0200271C2F /* AppDelegate.h */,
				F1D5F7681D533C0200271C2F /* AppDelegate.m */,
				F1D5F76A1D533C0200271C2F /* ViewController.h */,
				F1D5F76B1D533C0200271C2F /* ViewController.m */,
				F1D5F76D1D533C0200271C2F /* Main.storyboard */,
				F1D5F7701D533C0200271C2F /* Assets.xcassets */,
				F1D5F7721D533C0200271C2F /* LaunchScreen.storyboard */,
				F1D5F7751D533C0200271C2F /* Info.plist */,
				F1D5F7641D533C0200271C2F /* Supporting Files */,
				F1D5F79C1D533F4D00271C2F /* TestModel1.h */,
				F1D5F79D1D533F4D00271C2F /* TestModel1.m */,
				F1D5F7971D533DA800271C2F /* TestViewController.h */,
				F1D5F7981D533DA800271C2F /* TestViewController.m */,
				F1D5F7991D533DA800271C2F /* TestViewController.xib */,
			);
			path = "Block循环引用";
			sourceTree = "<group>";
		};
		F1D5F7641D533C0200271C2F /* Supporting Files */ = {
			isa = PBXGroup;
			children = (
				F1D5F7651D533C0200271C2F /* main.m */,
			);
			name = "Supporting Files";
			sourceTree = "<group>";
		};
		F1D5F77D1D533C0200271C2F /* Block循环引用Tests */ = {
			isa = PBXGroup;
			children = (
				F1D5F77E1D533C0200271C2F /* Block____Tests.m */,
				F1D5F7801D533C0200271C2F /* Info.plist */,
			);
			path = "Block循环引用Tests";
			sourceTree = "<group>";
		};
		F1D5F7881D533C0200271C2F /* Block循环引用UITests */ = {
			isa = PBXGroup;
			children = (
				F1D5F7891D533C0200271C2F /* Block____UITests.m */,
				F1D5F78B1D533C0200271C2F /* Info.plist */,
			);
			path = "Block循环引用UITests";
			sourceTree = "<group>";
		};
/* End PBXGroup section */

/* Begin PBXNativeTarget section */
		F1D5F7601D533C0100271C2F /* Block循环引用 */ = {
			isa = PBXNativeTarget;
			buildConfigurationList = F1D5F78E1D533C0200271C2F /* Build configuration list for PBXNativeTarget "Block循环引用" */;
			buildPhases = (
				F05E4C83466279500A41C337 /* [CP] Check Pods Manifest.lock */,
				F1D5F75D1D533C0100271C2F /* Sources */,
				F1D5F75E1D533C0100271C2F /* Frameworks */,
				F1D5F75F1D533C0100271C2F /* Resources */,
				1B15562A52D85283911C3A57 /* [CP] Embed Pods Frameworks */,
				FE605858188D07665B5975DC /* [CP] Copy Pods Resources */,
			);
			buildRules = (
			);
			dependencies = (
			);
			name = "Block循环引用";
			productName = "Block循环引用";
			productReference = F1D5F7611D533C0200271C2F /* Block循环引用.app */;
			productType = "com.apple.product-type.application";
		};
		F1D5F7791D533C0200271C2F /* Block循环引用Tests */ = {
			isa = PBXNativeTarget;
			buildConfigurationList = F1D5F7911D533C0200271C2F /* Build configuration list for PBXNativeTarget "Block循环引用Tests" */;
			buildPhases = (
				F1D5F7761D533C0200271C2F /* Sources */,
				F1D5F7771D533C0200271C2F /* Frameworks */,
				F1D5F7781D533C0200271C2F /* Resources */,
			);
			buildRules = (
			);
			dependencies = (
				F1D5F77C1D533C0200271C2F /* PBXTargetDependency */,
			);
			name = "Block循环引用Tests";
			productName = "Block循环引用Tests";
			productReference = F1D5F77A1D533C0200271C2F /* Block循环引用Tests.xctest */;
			productType = "com.apple.product-type.bundle.unit-test";
		};
		F1D5F7841D533C0200271C2F /* Block循环引用UITests */ = {
			isa = PBXNativeTarget;
			buildConfigurationList = F1D5F7941D533C0200271C2F /* Build configuration list for PBXNativeTarget "Block循环引用UITests" */;
			buildPhases = (
				F1D5F7811D533C0200271C2F /* Sources */,
				F1D5F7821D533C0200271C2F /* Frameworks */,
				F1D5F7831D533C0200271C2F /* Resources */,
			);
			buildRules = (
			);
			dependencies = (
				F1D5F7871D533C0200271C2F /* PBXTargetDependency */,
			);
			name = "Block循环引用UITests";
			productName = "Block循环引用UITests";
			productReference = F1D5F7851D533C0200271C2F /* Block循环引用UITests.xctest */;
			productType = "com.apple.product-type.bundle.ui-testing";
		};
/* End PBXNativeTarget section */

/* Begin PBXProject section */
		F1D5F7591D533C0100271C2F /* Project object */ = {
			isa = PBXProject;
			attributes = {
				LastUpgradeCheck = 0730;
				ORGANIZATIONNAME = "广东康爱多连锁药店有限公司";
				TargetAttributes = {
					F1D5F7601D533C0100271C2F = {
						CreatedOnToolsVersion = 7.3.1;
					};
					F1D5F7791D533C0200271C2F = {
						CreatedOnToolsVersion = 7.3.1;
						TestTargetID = F1D5F7601D533C0100271C2F;
					};
					F1D5F7841D533C0200271C2F = {
						CreatedOnToolsVersion = 7.3.1;
						TestTargetID = F1D5F7601D533C0100271C2F;
					};
				};
			};
			buildConfigurationList = F1D5F75C1D533C0100271C2F /* Build configuration list for PBXProject "Block循环引用" */;
			compatibilityVersion = "Xcode 3.2";
			developmentRegion = English;
			hasScannedForEncodings = 0;
			knownRegions = (
				en,
				Base,
			);
			mainGroup = F1D5F7581D533C0100271C2F;
			productRefGroup = F1D5F7621D533C0200271C2F /* Products */;
			projectDirPath = "";
			projectRoot = "";
			targets = (
				F1D5F7601D533C0100271C2F /* Block循环引用 */,
				F1D5F7791D533C0200271C2F /* Block循环引用Tests */,
				F1D5F7841D533C0200271C2F /* Block循环引用UITests */,
			);
		};
/* End PBXProject section */

/* Begin PBXResourcesBuildPhase section */
		F1D5F75F1D533C0100271C2F /* Resources */ = {
			isa = PBXResourcesBuildPhase;
			buildActionMask = 2147483647;
			files = (
				F1D5F7741D533C0200271C2F /* LaunchScreen.storyboard in Resources */,
				F1D5F7711D533C0200271C2F /* Assets.xcassets in Resources */,
				F1D5F79B1D533DA800271C2F /* TestViewController.xib in Resources */,
				F1D5F76F1D533C0200271C2F /* Main.storyboard in Resources */,
			);
			runOnlyForDeploymentPostprocessing = 0;
		};
		F1D5F7781D533C0200271C2F /* Resources */ = {
			isa = PBXResourcesBuildPhase;
			buildActionMask = 2147483647;
			files = (
			);
			runOnlyForDeploymentPostprocessing = 0;
		};
		F1D5F7831D533C0200271C2F /* Resources */ = {
			isa = PBXResourcesBuildPhase;
			buildActionMask = 2147483647;
			files = (
			);
			runOnlyForDeploymentPostprocessing = 0;
		};
/* End PBXResourcesBuildPhase section */

/* Begin PBXShellScriptBuildPhase section */
		1B15562A52D85283911C3A57 /* [CP] Embed Pods Frameworks */ = {
			isa = PBXShellScriptBuildPhase;
			buildActionMask = 2147483647;
			files = (
			);
			inputPaths = (
			);
			name = "[CP] Embed Pods Frameworks";
			outputPaths = (
			);
			runOnlyForDeploymentPostprocessing = 0;
			shellPath = /bin/sh;
			shellScript = "\"${SRCROOT}/Pods/Target Support Files/Pods-Block循环引用/Pods-Block循环引用-frameworks.sh\"\n";
			showEnvVarsInLog = 0;
		};
		F05E4C83466279500A41C337 /* [CP] Check Pods Manifest.lock */ = {
			isa = PBXShellScriptBuildPhase;
			buildActionMask = 2147483647;
			files = (
			);
			inputPaths = (
			);
			name = "[CP] Check Pods Manifest.lock";
			outputPaths = (
			);
			runOnlyForDeploymentPostprocessing = 0;
			shellPath = /bin/sh;
			shellScript = "diff \"${PODS_ROOT}/../Podfile.lock\" \"${PODS_ROOT}/Manifest.lock\" > /dev/null\nif [[ $? != 0 ]] ; then\n    cat << EOM\nerror: The sandbox is not in sync with the Podfile.lock. Run 'pod install' or update your CocoaPods installation.\nEOM\n    exit 1\nfi\n";
			showEnvVarsInLog = 0;
		};
		FE605858188D07665B5975DC /* [CP] Copy Pods Resources */ = {
			isa = PBXShellScriptBuildPhase;
			buildActionMask = 2147483647;
			files = (
			);
			inputPaths = (
			);
			name = "[CP] Copy Pods Resources";
			outputPaths = (
			);
			runOnlyForDeploymentPostprocessing = 0;
			shellPath = /bin/sh;
			shellScript = "\"${SRCROOT}/Pods/Target Support Files/Pods-Block循环引用/Pods-Block循环引用-resources.sh\"\n";
			showEnvVarsInLog = 0;
		};
/* End PBXShellScriptBuildPhase section */

/* Begin PBXSourcesBuildPhase section */
		F1D5F75D1D533C0100271C2F /* Sources */ = {
			isa = PBXSourcesBuildPhase;
			buildActionMask = 2147483647;
			files = (
				F1D5F79E1D533F4D00271C2F /* TestModel1.m in Sources */,
				F1D5F76C1D533C0200271C2F /* ViewController.m in Sources */,
				F1D5F7691D533C0200271C2F /* AppDelegate.m in Sources */,
				F1D5F79A1D533DA800271C2F /* TestViewController.m in Sources */,
				F1D5F7661D533C0200271C2F /* main.m in Sources */,
			);
			runOnlyForDeploymentPostprocessing = 0;
		};
		F1D5F7761D533C0200271C2F /* Sources */ = {
			isa = PBXSourcesBuildPhase;
			buildActionMask = 2147483647;
			files = (
				F1D5F77F1D533C0200271C2F /* Block____Tests.m in Sources */,
			);
			runOnlyForDeploymentPostprocessing = 0;
		};
		F1D5F7811D533C0200271C2F /* Sources */ = {
			isa = PBXSourcesBuildPhase;
			buildActionMask = 2147483647;
			files = (
				F1D5F78A1D533C0200271C2F /* Block____UITests.m in Sources */,
			);
			runOnlyForDeploymentPostprocessing = 0;
		};
/* End PBXSourcesBuildPhase section */

/* Begin PBXTargetDependency section */
		F1D5F77C1D533C0200271C2F /* PBXTargetDependency */ = {
			isa = PBXTargetDependency;
			target = F1D5F7601D533C0100271C2F /* Block循环引用 */;
			targetProxy = F1D5F77B1D533C0200271C2F /* PBXContainerItemProxy */;
		};
		F1D5F7871D533C0200271C2F /* PBXTargetDependency */ = {
			isa = PBXTargetDependency;
			target = F1D5F7601D533C0100271C2F /* Block循环引用 */;
			targetProxy = F1D5F7861D533C0200271C2F /* PBXContainerItemProxy */;
		};
/* End PBXTargetDependency section */

/* Begin PBXVariantGroup section */
		F1D5F76D1D533C0200271C2F /* Main.storyboard */ = {
			isa = PBXVariantGroup;
			children = (
				F1D5F76E1D533C0200271C2F /* Base */,
			);
			name = Main.storyboard;
			sourceTree = "<group>";
		};
		F1D5F7721D533C0200271C2F /* LaunchScreen.storyboard */ = {
			isa = PBXVariantGroup;
			children = (
				F1D5F7731D533C0200271C2F /* Base */,
			);
			name = LaunchScreen.storyboard;
			sourceTree = "<group>";
		};
/* End PBXVariantGroup section */

/* Begin XCBuildConfiguration section */
		F1D5F78C1D533C0200271C2F /* Debug */ = {
			isa = XCBuildConfiguration;
			buildSettings = {
				ALWAYS_SEARCH_USER_PATHS = NO;
				CLANG_ANALYZER_NONNULL = YES;
				CLANG_CXX_LANGUAGE_STANDARD = "gnu++0x";
				CLANG_CXX_LIBRARY = "libc++";
				CLANG_ENABLE_MODULES = YES;
				CLANG_ENABLE_OBJC_ARC = YES;
				CLANG_WARN_BOOL_CONVERSION = YES;
				CLANG_WARN_CONSTANT_CONVERSION = YES;
				CLANG_WARN_DIRECT_OBJC_ISA_USAGE = YES_ERROR;
				CLANG_WARN_EMPTY_BODY = YES;
				CLANG_WARN_ENUM_CONVERSION = YES;
				CLANG_WARN_INT_CONVERSION = YES;
				CLANG_WARN_OBJC_ROOT_CLASS = YES_ERROR;
				CLANG_WARN_UNREACHABLE_CODE = YES;
				CLANG_WARN__DUPLICATE_METHOD_MATCH = YES;
				"CODE_SIGN_IDENTITY[sdk=iphoneos*]" = "iPhone Developer";
				COPY_PHASE_STRIP = NO;
				DEBUG_INFORMATION_FORMAT = dwarf;
				ENABLE_STRICT_OBJC_MSGSEND = YES;
				ENABLE_TESTABILITY = YES;
				GCC_C_LANGUAGE_STANDARD = gnu99;
				GCC_DYNAMIC_NO_PIC = NO;
				GCC_NO_COMMON_BLOCKS = YES;
				GCC_OPTIMIZATION_LEVEL = 0;
				GCC_PREPROCESSOR_DEFINITIONS = (
					"DEBUG=1",
					"$(inherited)",
				);
				GCC_WARN_64_TO_32_BIT_CONVERSION = YES;
				GCC_WARN_ABOUT_RETURN_TYPE = YES_ERROR;
				GCC_WARN_UNDECLARED_SELECTOR = YES;
				GCC_WARN_UNINITIALIZED_AUTOS = YES_AGGRESSIVE;
				GCC_WARN_UNUSED_FUNCTION = YES;
				GCC_WARN_UNUSED_VARIABLE = YES;
				IPHONEOS_DEPLOYMENT_TARGET = 9.3;
				MTL_ENABLE_DEBUG_INFO = YES;
				ONLY_ACTIVE_ARCH = YES;
				SDKROOT = iphoneos;
				TARGETED_DEVICE_FAMILY = "1,2";
			};
			name = Debug;
		};
		F1D5F78D1D533C0200271C2F /* Release */ = {
			isa = XCBuildConfiguration;
			buildSettings = {
				ALWAYS_SEARCH_USER_PATHS = NO;
				CLANG_ANALYZER_NONNULL = YES;
				CLANG_CXX_LANGUAGE_STANDARD = "gnu++0x";
				CLANG_CXX_LIBRARY = "libc++";
				CLANG_ENABLE_MODULES = YES;
				CLANG_ENABLE_OBJC_ARC = YES;
				CLANG_WARN_BOOL_CONVERSION = YES;
				CLANG_WARN_CONSTANT_CONVERSION = YES;
				CLANG_WARN_DIRECT_OBJC_ISA_USAGE = YES_ERROR;
				CLANG_WARN_EMPTY_BODY = YES;
				CLANG_WARN_ENUM_CONVERSION = YES;
				CLANG_WARN_INT_CONVERSION = YES;
				CLANG_WARN_OBJC_ROOT_CLASS = YES_ERROR;
				CLANG_WARN_UNREACHABLE_CODE = YES;
				CLANG_WARN__DUPLICATE_METHOD_MATCH = YES;
				"CODE_SIGN_IDENTITY[sdk=iphoneos*]" = "iPhone Developer";
				COPY_PHASE_STRIP = NO;
				DEBUG_INFORMATION_FORMAT = "dwarf-with-dsym";
				ENABLE_NS_ASSERTIONS = NO;
				ENABLE_STRICT_OBJC_MSGSEND = YES;
				GCC_C_LANGUAGE_STANDARD = gnu99;
				GCC_NO_COMMON_BLOCKS = YES;
				GCC_WARN_64_TO_32_BIT_CONVERSION = YES;
				GCC_WARN_ABOUT_RETURN_TYPE = YES_ERROR;
				GCC_WARN_UNDECLARED_SELECTOR = YES;
				GCC_WARN_UNINITIALIZED_AUTOS = YES_AGGRESSIVE;
				GCC_WARN_UNUSED_FUNCTION = YES;
				GCC_WARN_UNUSED_VARIABLE = YES;
				IPHONEOS_DEPLOYMENT_TARGET = 9.3;
				MTL_ENABLE_DEBUG_INFO = NO;
				SDKROOT = iphoneos;
				TARGETED_DEVICE_FAMILY = "1,2";
				VALIDATE_PRODUCT = YES;
			};
			name = Release;
		};
		F1D5F78F1D533C0200271C2F /* Debug */ = {
			isa = XCBuildConfiguration;
			baseConfigurationReference = 7DD03A455111629CD028DBED /* Pods-Block循环引用.debug.xcconfig */;
			buildSettings = {
				ASSETCATALOG_COMPILER_APPICON_NAME = AppIcon;
				INFOPLIST_FILE = "Block循环引用/Info.plist";
				LD_RUNPATH_SEARCH_PATHS = "$(inherited) @executable_path/Frameworks";
				PRODUCT_BUNDLE_IDENTIFIER = "KAD.Block----";
				PRODUCT_NAME = "$(TARGET_NAME)";
			};
			name = Debug;
		};
		F1D5F7901D533C0200271C2F /* Release */ = {
			isa = XCBuildConfiguration;
			baseConfigurationReference = 88DF2EC7483D86422EE28417 /* Pods-Block循环引用.release.xcconfig */;
			buildSettings = {
				ASSETCATALOG_COMPILER_APPICON_NAME = AppIcon;
				INFOPLIST_FILE = "Block循环引用/Info.plist";
				LD_RUNPATH_SEARCH_PATHS = "$(inherited) @executable_path/Frameworks";
				PRODUCT_BUNDLE_IDENTIFIER = "KAD.Block----";
				PRODUCT_NAME = "$(TARGET_NAME)";
			};
			name = Release;
		};
		F1D5F7921D533C0200271C2F /* Debug */ = {
			isa = XCBuildConfiguration;
			buildSettings = {
				BUNDLE_LOADER = "$(TEST_HOST)";
				INFOPLIST_FILE = "Block循环引用Tests/Info.plist";
				LD_RUNPATH_SEARCH_PATHS = "$(inherited) @executable_path/Frameworks @loader_path/Frameworks";
				PRODUCT_BUNDLE_IDENTIFIER = "KAD.Block----Tests";
				PRODUCT_NAME = "$(TARGET_NAME)";
				TEST_HOST = "$(BUILT_PRODUCTS_DIR)/Block循环引用.app/Block循环引用";
			};
			name = Debug;
		};
		F1D5F7931D533C0200271C2F /* Release */ = {
			isa = XCBuildConfiguration;
			buildSettings = {
				BUNDLE_LOADER = "$(TEST_HOST)";
				INFOPLIST_FILE = "Block循环引用Tests/Info.plist";
				LD_RUNPATH_SEARCH_PATHS = "$(inherited) @executable_path/Frameworks @loader_path/Frameworks";
				PRODUCT_BUNDLE_IDENTIFIER = "KAD.Block----Tests";
				PRODUCT_NAME = "$(TARGET_NAME)";
				TEST_HOST = "$(BUILT_PRODUCTS_DIR)/Block循环引用.app/Block循环引用";
			};
			name = Release;
		};
		F1D5F7951D533C0200271C2F /* Debug */ = {
			isa = XCBuildConfiguration;
			buildSettings = {
				INFOPLIST_FILE = "Block循环引用UITests/Info.plist";
				LD_RUNPATH_SEARCH_PATHS = "$(inherited) @executable_path/Frameworks @loader_path/Frameworks";
				PRODUCT_BUNDLE_IDENTIFIER = "KAD.Block----UITests";
				PRODUCT_NAME = "$(TARGET_NAME)";
				TEST_TARGET_NAME = "Block循环引用";
			};
			name = Debug;
		};
		F1D5F7961D533C0200271C2F /* Release */ = {
			isa = XCBuildConfiguration;
			buildSettings = {
				INFOPLIST_FILE = "Block循环引用UITests/Info.plist";
				LD_RUNPATH_SEARCH_PATHS = "$(inherited) @executable_path/Frameworks @loader_path/Frameworks";
				PRODUCT_BUNDLE_IDENTIFIER = "KAD.Block----UITests";
				PRODUCT_NAME = "$(TARGET_NAME)";
				TEST_TARGET_NAME = "Block循环引用";
			};
			name = Release;
		};
/* End XCBuildConfiguration section */

/* Begin XCConfigurationList section */
		F1D5F75C1D533C0100271C2F /* Build configuration list for PBXProject "Block循环引用" */ = {
			isa = XCConfigurationList;
			buildConfigurations = (
				F1D5F78C1D533C0200271C2F /* Debug */,
				F1D5F78D1D533C0200271C2F /* Release */,
			);
			defaultConfigurationIsVisible = 0;
			defaultConfigurationName = Release;
		};
		F1D5F78E1D533C0200271C2F /* Build configuration list for PBXNativeTarget "Block循环引用" */ = {
			isa = XCConfigurationList;
			buildConfigurations = (
				F1D5F78F1D533C0200271C2F /* Debug */,
				F1D5F7901D533C0200271C2F /* Release */,
			);
			defaultConfigurationIsVisible = 0;
			defaultConfigurationName = Release;
		};
		F1D5F7911D533C0200271C2F /* Build configuration list for PBXNativeTarget "Block循环引用Tests" */ = {
			isa = XCConfigurationList;
			buildConfigurations = (
				F1D5F7921D533C0200271C2F /* Debug */,
				F1D5F7931D533C0200271C2F /* Release */,
			);
			defaultConfigurationIsVisible = 0;
			defaultConfigurationName = Release;
		};
		F1D5F7941D533C0200271C2F /* Build configuration list for PBXNativeTarget "Block循环引用UITests" */ = {
			isa = XCConfigurationList;
			buildConfigurations = (
				F1D5F7951D533C0200271C2F /* Debug */,
				F1D5F7961D533C0200271C2F /* Release */,
			);
			defaultConfigurationIsVisible = 0;
			defaultConfigurationName = Release;
		};
/* End XCConfigurationList section */
	};
	rootObject = F1D5F7591D533C0100271C2F /* Project object */;
}
